// !$*UTF8*$!
{
	archiveVersion = 1;
	classes = {
	};
	objectVersion = 46;
	objects = {

/* Begin PBXBuildFile section */
		1CE43A2D19ECBE4200C09184 /* main.m in Sources */ = {isa = PBXBuildFile; fileRef = 1CE43A2C19ECBE4200C09184 /* main.m */; };
		1CE43A3019ECBE4200C09184 /* AppDelegate.m in Sources */ = {isa = PBXBuildFile; fileRef = 1CE43A2F19ECBE4200C09184 /* AppDelegate.m */; };
		1CE43A3819ECBE4200C09184 /* Images.xcassets in Resources */ = {isa = PBXBuildFile; fileRef = 1CE43A3719ECBE4200C09184 /* Images.xcassets */; };
		1CE43A3B19ECBE4200C09184 /* LaunchScreen.xib in Resources */ = {isa = PBXBuildFile; fileRef = 1CE43A3919ECBE4200C09184 /* LaunchScreen.xib */; };
		1CE43A4719ECBE4200C09184 /* BlocBrowserTests.m in Sources */ = {isa = PBXBuildFile; fileRef = 1CE43A4619ECBE4200C09184 /* BlocBrowserTests.m */; };
		1CE43A5219ECBF0E00C09184 /* BLCWebBrowserViewController.m in Sources */ = {isa = PBXBuildFile; fileRef = 1CE43A5119ECBF0E00C09184 /* BLCWebBrowserViewController.m */; };
/* End PBXBuildFile section */

/* Begin PBXContainerItemProxy section */
		1CE43A4119ECBE4200C09184 /* PBXContainerItemProxy */ = {
			isa = PBXContainerItemProxy;
			containerPortal = 1CE43A1F19ECBE4200C09184 /* Project object */;
			proxyType = 1;
			remoteGlobalIDString = 1CE43A2619ECBE4200C09184;
			remoteInfo = BlocBrowser;
		};
/* End PBXContainerItemProxy section */

/* Begin PBXFileReference section */
		1CE43A2719ECBE4200C09184 /* BlocBrowser.app */ = {isa = PBXFileReference; explicitFileType = wrapper.application; includeInIndex = 0; path = BlocBrowser.app; sourceTree = BUILT_PRODUCTS_DIR; };
		1CE43A2B19ECBE4200C09184 /* Info.plist */ = {isa = PBXFileReference; lastKnownFileType = text.plist.xml; path = Info.plist; sourceTree = "<group>"; };
		1CE43A2C19ECBE4200C09184 /* main.m */ = {isa = PBXFileReference; lastKnownFileType = sourcecode.c.objc; path = main.m; sourceTree = "<group>"; };
		1CE43A2E19ECBE4200C09184 /* AppDelegate.h */ = {isa = PBXFileReference; lastKnownFileType = sourcecode.c.h; path = AppDelegate.h; sourceTree = "<group>"; };
		1CE43A2F19ECBE4200C09184 /* AppDelegate.m */ = {isa = PBXFileReference; lastKnownFileType = sourcecode.c.objc; path = AppDelegate.m; sourceTree = "<group>"; };
		1CE43A3719ECBE4200C09184 /* Images.xcassets */ = {isa = PBXFileReference; lastKnownFileType = folder.assetcatalog; path = Images.xcassets; sourceTree = "<group>"; };
		1CE43A3A19ECBE4200C09184 /* Base */ = {isa = PBXFileReference; lastKnownFileType = file.xib; name = Base; path = Base.lproj/LaunchScreen.xib; sourceTree = "<group>"; };
		1CE43A4019ECBE4200C09184 /* BlocBrowserTests.xctest */ = {isa = PBXFileReference; explicitFileType = wrapper.cfbundle; includeInIndex = 0; path = BlocBrowserTests.xctest; sourceTree = BUILT_PRODUCTS_DIR; };
		1CE43A4519ECBE4200C09184 /* Info.plist */ = {isa = PBXFileReference; lastKnownFileType = text.plist.xml; path = Info.plist; sourceTree = "<group>"; };
		1CE43A4619ECBE4200C09184 /* BlocBrowserTests.m */ = {isa = PBXFileReference; lastKnownFileType = sourcecode.c.objc; path = BlocBrowserTests.m; sourceTree = "<group>"; };
		1CE43A5019ECBF0E00C09184 /* BLCWebBrowserViewController.h */ = {isa = PBXFileReference; fileEncoding = 4; lastKnownFileType = sourcecode.c.h; name = BLCWebBrowserViewController.h; path = ../BLCWebBrowserViewController.h; sourceTree = "<group>"; };
		1CE43A5119ECBF0E00C09184 /* BLCWebBrowserViewController.m */ = {isa = PBXFileReference; fileEncoding = 4; lastKnownFileType = sourcecode.c.objc; name = BLCWebBrowserViewController.m; path = ../BLCWebBrowserViewController.m; sourceTree = "<group>"; };
/* End PBXFileReference section */

/* Begin PBXFrameworksBuildPhase section */
		1CE43A2419ECBE4200C09184 /* Frameworks */ = {
			isa = PBXFrameworksBuildPhase;
			buildActionMask = 2147483647;
			files = (
			);
			runOnlyForDeploymentPostprocessing = 0;
		};
		1CE43A3D19ECBE4200C09184 /* Frameworks */ = {
			isa = PBXFrameworksBuildPhase;
			buildActionMask = 2147483647;
			files = (
			);
			runOnlyForDeploymentPostprocessing = 0;
		};
/* End PBXFrameworksBuildPhase section */

/* Begin PBXGroup section */
		1CE43A1E19ECBE4200C09184 = {
			isa = PBXGroup;
			children = (
				1CE43A2919ECBE4200C09184 /* BlocBrowser */,
				1CE43A4319ECBE4200C09184 /* BlocBrowserTests */,
				1CE43A2819ECBE4200C09184 /* Products */,
			);
			sourceTree = "<group>";
		};
		1CE43A2819ECBE4200C09184 /* Products */ = {
			isa = PBXGroup;
			children = (
				1CE43A2719ECBE4200C09184 /* BlocBrowser.app */,
				1CE43A4019ECBE4200C09184 /* BlocBrowserTests.xctest */,
			);
			name = Products;
			sourceTree = "<group>";
		};
		1CE43A2919ECBE4200C09184 /* BlocBrowser */ = {
			isa = PBXGroup;
			children = (
				1CE43A2E19ECBE4200C09184 /* AppDelegate.h */,
				1CE43A2F19ECBE4200C09184 /* AppDelegate.m */,
				1CE43A5019ECBF0E00C09184 /* BLCWebBrowserViewController.h */,
				1CE43A5119ECBF0E00C09184 /* BLCWebBrowserViewController.m */,
				1CE43A3719ECBE4200C09184 /* Images.xcassets */,
				1CE43A3919ECBE4200C09184 /* LaunchScreen.xib */,
				1CE43A2A19ECBE4200C09184 /* Supporting Files */,
			);
			path = BlocBrowser;
			sourceTree = "<group>";
		};
		1CE43A2A19ECBE4200C09184 /* Supporting Files */ = {
			isa = PBXGroup;
			children = (
				1CE43A2B19ECBE4200C09184 /* Info.plist */,
				1CE43A2C19ECBE4200C09184 /* main.m */,
			);
			name = "Supporting Files";
			sourceTree = "<group>";
		};
		1CE43A4319ECBE4200C09184 /* BlocBrowserTests */ = {
			isa = PBXGroup;
			children = (
				1CE43A4619ECBE4200C09184 /* BlocBrowserTests.m */,
				1CE43A4419ECBE4200C09184 /* Supporting Files */,
			);
			path = BlocBrowserTests;
			sourceTree = "<group>";
		};
		1CE43A4419ECBE4200C09184 /* Supporting Files */ = {
			isa = PBXGroup;
			children = (
				1CE43A4519ECBE4200C09184 /* Info.plist */,
			);
			name = "Supporting Files";
			sourceTree = "<group>";
		};
/* End PBXGroup section */

/* Begin PBXNativeTarget section */
		1CE43A2619ECBE4200C09184 /* BlocBrowser */ = {
			isa = PBXNativeTarget;
			buildConfigurationList = 1CE43A4A19ECBE4200C09184 /* Build configuration list for PBXNativeTarget "BlocBrowser" */;
			buildPhases = (
				1CE43A2319ECBE4200C09184 /* Sources */,
				1CE43A2419ECBE4200C09184 /* Frameworks */,
				1CE43A2519ECBE4200C09184 /* Resources */,
			);
			buildRules = (
			);
			dependencies = (
			);
			name = BlocBrowser;
			productName = BlocBrowser;
			productReference = 1CE43A2719ECBE4200C09184 /* BlocBrowser.app */;
			productType = "com.apple.product-type.application";
		};
		1CE43A3F19ECBE4200C09184 /* BlocBrowserTests */ = {
			isa = PBXNativeTarget;
			buildConfigurationList = 1CE43A4D19ECBE4200C09184 /* Build configuration list for PBXNativeTarget "BlocBrowserTests" */;
			buildPhases = (
				1CE43A3C19ECBE4200C09184 /* Sources */,
				1CE43A3D19ECBE4200C09184 /* Frameworks */,
				1CE43A3E19ECBE4200C09184 /* Resources */,
			);
			buildRules = (
			);
			dependencies = (
				1CE43A4219ECBE4200C09184 /* PBXTargetDependency */,
			);
			name = BlocBrowserTests;
			productName = BlocBrowserTests;
			productReference = 1CE43A4019ECBE4200C09184 /* BlocBrowserTests.xctest */;
			productType = "com.apple.product-type.bundle.unit-test";
		};
/* End PBXNativeTarget section */

/* Begin PBXProject section */
		1CE43A1F19ECBE4200C09184 /* Project object */ = {
			isa = PBXProject;
			attributes = {
				LastUpgradeCheck = 0600;
				ORGANIZATIONNAME = "Bradley White";
				TargetAttributes = {
					1CE43A2619ECBE4200C09184 = {
						CreatedOnToolsVersion = 6.0.1;
					};
					1CE43A3F19ECBE4200C09184 = {
						CreatedOnToolsVersion = 6.0.1;
						TestTargetID = 1CE43A2619ECBE4200C09184;
					};
				};
			};
			buildConfigurationList = 1CE43A2219ECBE4200C09184 /* Build configuration list for PBXProject "BlocBrowser" */;
			compatibilityVersion = "Xcode 3.2";
			developmentRegion = English;
			hasScannedForEncodings = 0;
			knownRegions = (
				en,
				Base,
			);
			mainGroup = 1CE43A1E19ECBE4200C09184;
			productRefGroup = 1CE43A2819ECBE4200C09184 /* Products */;
			projectDirPath = "";
			projectRoot = "";
			targets = (
				1CE43A2619ECBE4200C09184 /* BlocBrowser */,
				1CE43A3F19ECBE4200C09184 /* BlocBrowserTests */,
			);
		};
/* End PBXProject section */

/* Begin PBXResourcesBuildPhase section */
		1CE43A2519ECBE4200C09184 /* Resources */ = {
			isa = PBXResourcesBuildPhase;
			buildActionMask = 2147483647;
			files = (
				1CE43A3B19ECBE4200C09184 /* LaunchScreen.xib in Resources */,
				1CE43A3819ECBE4200C09184 /* Images.xcassets in Resources */,
			);
			runOnlyForDeploymentPostprocessing = 0;
		};
		1CE43A3E19ECBE4200C09184 /* Resources */ = {
			isa = PBXResourcesBuildPhase;
			buildActionMask = 2147483647;
			files = (
			);
			runOnlyForDeploymentPostprocessing = 0;
		};
/* End PBXResourcesBuildPhase section */

/* Begin PBXSourcesBuildPhase section */
		1CE43A2319ECBE4200C09184 /* Sources */ = {
			isa = PBXSourcesBuildPhase;
			buildActionMask = 2147483647;
			files = (
				1CE43A3019ECBE4200C09184 /* AppDelegate.m in Sources */,
				1CE43A2D19ECBE4200C09184 /* main.m in Sources */,
				1CE43A5219ECBF0E00C09184 /* BLCWebBrowserViewController.m in Sources */,
			);
			runOnlyForDeploymentPostprocessing = 0;
		};
		1CE43A3C19ECBE4200C09184 /* Sources */ = {
			isa = PBXSourcesBuildPhase;
			buildActionMask = 2147483647;
			files = (
				1CE43A4719ECBE4200C09184 /* BlocBrowserTests.m in Sources */,
			);
			runOnlyForDeploymentPostprocessing = 0;
		};
/* End PBXSourcesBuildPhase section */

/* Begin PBXTargetDependency section */
		1CE43A4219ECBE4200C09184 /* PBXTargetDependency */ = {
			isa = PBXTargetDependency;
			target = 1CE43A2619ECBE4200C09184 /* BlocBrowser */;
			targetProxy = 1CE43A4119ECBE4200C09184 /* PBXContainerItemProxy */;
		};
/* End PBXTargetDependency section */

/* Begin PBXVariantGroup section */
		1CE43A3919ECBE4200C09184 /* LaunchScreen.xib */ = {
			isa = PBXVariantGroup;
			children = (
				1CE43A3A19ECBE4200C09184 /* Base */,
			);
			name = LaunchScreen.xib;
			sourceTree = "<group>";
		};
/* End PBXVariantGroup section */

/* Begin XCBuildConfiguration section */
		1CE43A4819ECBE4200C09184 /* Debug */ = {
			isa = XCBuildConfiguration;
			buildSettings = {
				ALWAYS_SEARCH_USER_PATHS = NO;
				CLANG_CXX_LANGUAGE_STANDARD = "gnu++0x";
				CLANG_CXX_LIBRARY = "libc++";
				CLANG_ENABLE_MODULES = YES;
				CLANG_ENABLE_OBJC_ARC = YES;
				CLANG_WARN_BOOL_CONVERSION = YES;
				CLANG_WARN_CONSTANT_CONVERSION = YES;
				CLANG_WARN_DIRECT_OBJC_ISA_USAGE = YES_ERROR;
				CLANG_WARN_EMPTY_BODY = YES;
				CLANG_WARN_ENUM_CONVERSION = YES;
				CLANG_WARN_INT_CONVERSION = YES;
				CLANG_WARN_OBJC_ROOT_CLASS = YES_ERROR;
				CLANG_WARN_UNREACHABLE_CODE = YES;
				CLANG_WARN__DUPLICATE_METHOD_MATCH = YES;
				"CODE_SIGN_IDENTITY[sdk=iphoneos*]" = "iPhone Developer";
				COPY_PHASE_STRIP = NO;
				ENABLE_STRICT_OBJC_MSGSEND = YES;
				GCC_C_LANGUAGE_STANDARD = gnu99;
				GCC_DYNAMIC_NO_PIC = NO;
				GCC_OPTIMIZATION_LEVEL = 0;
				GCC_PREPROCESSOR_DEFINITIONS = (
					"DEBUG=1",
					"$(inherited)",
				);
				GCC_SYMBOLS_PRIVATE_EXTERN = NO;
				GCC_WARN_64_TO_32_BIT_CONVERSION = YES;
				GCC_WARN_ABOUT_RETURN_TYPE = YES_ERROR;
				GCC_WARN_UNDECLARED_SELECTOR = YES;
				GCC_WARN_UNINITIALIZED_AUTOS = YES_AGGRESSIVE;
				GCC_WARN_UNUSED_FUNCTION = YES;
				GCC_WARN_UNUSED_VARIABLE = YES;
				IPHONEOS_DEPLOYMENT_TARGET = 8.0;
				MTL_ENABLE_DEBUG_INFO = YES;
				ONLY_ACTIVE_ARCH = YES;
				SDKROOT = iphoneos;
				TARGETED_DEVICE_FAMILY = "1,2";
			};
			name = Debug;
		};
		1CE43A4919ECBE4200C09184 /* Release */ = {
			isa = XCBuildConfiguration;
			buildSettings = {
				ALWAYS_SEARCH_USER_PATHS = NO;
				CLANG_CXX_LANGUAGE_STANDARD = "gnu++0x";
				CLANG_CXX_LIBRARY = "libc++";
				CLANG_ENABLE_MODULES = YES;
				CLANG_ENABLE_OBJC_ARC = YES;
				CLANG_WARN_BOOL_CONVERSION = YES;
				CLANG_WARN_CONSTANT_CONVERSION = YES;
				CLANG_WARN_DIRECT_OBJC_ISA_USAGE = YES_ERROR;
				CLANG_WARN_EMPTY_BODY = YES;
				CLANG_WARN_ENUM_CONVERSION = YES;
				CLANG_WARN_INT_CONVERSION = YES;
				CLANG_WARN_OBJC_ROOT_CLASS = YES_ERROR;
				CLANG_WARN_UNREACHABLE_CODE = YES;
				CLANG_WARN__DUPLICATE_METHOD_MATCH = YES;
				"CODE_SIGN_IDENTITY[sdk=iphoneos*]" = "iPhone Developer";
				COPY_PHASE_STRIP = YES;
				ENABLE_NS_ASSERTIONS = NO;
				ENABLE_STRICT_OBJC_MSGSEND = YES;
				GCC_C_LANGUAGE_STANDARD = gnu99;
				GCC_WARN_64_TO_32_BIT_CONVERSION = YES;
				GCC_WARN_ABOUT_RETURN_TYPE = YES_ERROR;
				GCC_WARN_UNDECLARED_SELECTOR = YES;
				GCC_WARN_UNINITIALIZED_AUTOS = YES_AGGRESSIVE;
				GCC_WARN_UNUSED_FUNCTION = YES;
				GCC_WARN_UNUSED_VARIABLE = YES;
				IPHONEOS_DEPLOYMENT_TARGET = 8.0;
				MTL_ENABLE_DEBUG_INFO = NO;
				SDKROOT = iphoneos;
				TARGETED_DEVICE_FAMILY = "1,2";
				VALIDATE_PRODUCT = YES;
			};
			name = Release;
		};
		1CE43A4B19ECBE4200C09184 /* Debug */ = {
			isa = XCBuildConfiguration;
			buildSettings = {
				ASSETCATALOG_COMPILER_APPICON_NAME = AppIcon;
				INFOPLIST_FILE = BlocBrowser/Info.plist;
				LD_RUNPATH_SEARCH_PATHS = "$(inherited) @executable_path/Frameworks";
				PRODUCT_NAME = "$(TARGET_NAME)";
			};
			name = Debug;
		};
		1CE43A4C19ECBE4200C09184 /* Release */ = {
			isa = XCBuildConfiguration;
			buildSettings = {
				ASSETCATALOG_COMPILER_APPICON_NAME = AppIcon;
				INFOPLIST_FILE = BlocBrowser/Info.plist;
				LD_RUNPATH_SEARCH_PATHS = "$(inherited) @executable_path/Frameworks";
				PRODUCT_NAME = "$(TARGET_NAME)";
			};
			name = Release;
		};
		1CE43A4E19ECBE4200C09184 /* Debug */ = {
			isa = XCBuildConfiguration;
			buildSettings = {
				BUNDLE_LOADER = "$(TEST_HOST)";
				FRAMEWORK_SEARCH_PATHS = (
					"$(SDKROOT)/Developer/Library/Frameworks",
					"$(inherited)",
				);
				GCC_PREPROCESSOR_DEFINITIONS = (
					"DEBUG=1",
					"$(inherited)",
				);
				INFOPLIST_FILE = BlocBrowserTests/Info.plist;
				LD_RUNPATH_SEARCH_PATHS = "$(inherited) @executable_path/Frameworks @loader_path/Frameworks";
				PRODUCT_NAME = "$(TARGET_NAME)";
				TEST_HOST = "$(BUILT_PRODUCTS_DIR)/BlocBrowser.app/BlocBrowser";
			};
			name = Debug;
		};
		1CE43A4F19ECBE4200C09184 /* Release */ = {
			isa = XCBuildConfiguration;
			buildSettings = {
				BUNDLE_LOADER = "$(TEST_HOST)";
				FRAMEWORK_SEARCH_PATHS = (
					"$(SDKROOT)/Developer/Library/Frameworks",
					"$(inherited)",
				);
				INFOPLIST_FILE = BlocBrowserTests/Info.plist;
				LD_RUNPATH_SEARCH_PATHS = "$(inherited) @executable_path/Frameworks @loader_path/Frameworks";
				PRODUCT_NAME = "$(TARGET_NAME)";
				TEST_HOST = "$(BUILT_PRODUCTS_DIR)/BlocBrowser.app/BlocBrowser";
			};
			name = Release;
		};
/* End XCBuildConfiguration section */

/* Begin XCConfigurationList section */
		1CE43A2219ECBE4200C09184 /* Build configuration list for PBXProject "BlocBrowser" */ = {
			isa = XCConfigurationList;
			buildConfigurations = (
				1CE43A4819ECBE4200C09184 /* Debug */,
				1CE43A4919ECBE4200C09184 /* Release */,
			);
			defaultConfigurationIsVisible = 0;
			defaultConfigurationName = Release;
		};
		1CE43A4A19ECBE4200C09184 /* Build configuration list for PBXNativeTarget "BlocBrowser" */ = {
			isa = XCConfigurationList;
			buildConfigurations = (
				1CE43A4B19ECBE4200C09184 /* Debug */,
				1CE43A4C19ECBE4200C09184 /* Release */,
			);
			defaultConfigurationIsVisible = 0;
		};
		1CE43A4D19ECBE4200C09184 /* Build configuration list for PBXNativeTarget "BlocBrowserTests" */ = {
			isa = XCConfigurationList;
			buildConfigurations = (
				1CE43A4E19ECBE4200C09184 /* Debug */,
				1CE43A4F19ECBE4200C09184 /* Release */,
			);
			defaultConfigurationIsVisible = 0;
		};
/* End XCConfigurationList section */
	};
	rootObject = 1CE43A1F19ECBE4200C09184 /* Project object */;
}
